
Microsoft Visual Studio Solution File, Format Version 12.00
# Visual Studio Version 16
VisualStudioVersion = 16.0.29123.88
MinimumVisualStudioVersion = 10.0.40219.1
Project("{FAE04EC0-301F-11D3-BF4B-00C04F79EFBC}") = "Text Editor", "Text Editor.csproj", "{8BE2AE8B-7058-49C2-9A3A-7A76C3FC3A8A}"
EndProject
Global
	GlobalSection(SolutionConfigurationPlatforms) = preSolution
		Debug|Any CPU = Debug|Any CPU
		Release|Any CPU = Release|Any CPU
	EndGlobalSection
	GlobalSection(ProjectConfigurationPlatforms) = postSolution
		{8BE2AE8B-7058-49C2-9A3A-7A76C3FC3A8A}.Debug|Any CPU.ActiveCfg = Debug|Any CPU
		{8BE2AE8B-7058-49C2-9A3A-7A76C3FC3A8A}.Debug|Any CPU.Build.0 = Debug|Any CPU
		{8BE2AE8B-7058-49C2-9A3A-7A76C3FC3A8A}.Release|Any CPU.ActiveCfg = Release|Any CPU
		{8BE2AE8B-7058-49C2-9A3A-7A76C3FC3A8A}.Release|Any CPU.Build.0 = Release|Any CPU
	EndGlobalSection
	GlobalSection(SolutionProperties) = preSolution
		HideSolutionNode = FALSE
	EndGlobalSection
	GlobalSection(ExtensibilityGlobals) = postSolution
		SolutionGuid = {6BF328A3-3F6A-4026-8740-68E9D40E2F46}
	EndGlobalSection
EndGlobal
